{
  "version": 4,
  "terraform_version": "1.9.8",
  "serial": 3,
  "lineage": "cbc90b9a-ef01-2929-e34e-6e20bb232ce4",
  "outputs": {},
  "resources": [
    {
      "mode": "managed",
      "type": "google_compute_instance",
      "name": "vm_instance",
      "provider": "provider[\"registry.terraform.io/hashicorp/google\"]",
      "instances": [
        {
          "schema_version": 6,
          "attributes": {
            "advanced_machine_features": [],
            "allow_stopping_for_update": null,
            "attached_disk": [],
            "boot_disk": [
              {
                "auto_delete": true,
                "device_name": "persistent-disk-0",
                "disk_encryption_key_raw": "",
                "disk_encryption_key_sha256": "",
                "initialize_params": [
                  {
                    "enable_confidential_compute": false,
                    "image": "https://www.googleapis.com/compute/v1/projects/debian-cloud/global/images/debian-11-bullseye-v20241009",
                    "labels": {},
                    "provisioned_iops": 0,
                    "provisioned_throughput": 0,
                    "resource_manager_tags": null,
                    "resource_policies": [],
                    "size": 10,
                    "storage_pool": "",
                    "type": "pd-standard"
                  }
                ],
                "interface": "",
                "kms_key_self_link": "",
                "mode": "READ_WRITE",
                "source": "https://www.googleapis.com/compute/v1/projects/terraform-gcp-440722/zones/us-central1-a/disks/terraform-gcp-instance"
              }
            ],
            "can_ip_forward": false,
            "confidential_instance_config": [],
            "cpu_platform": "Intel Haswell",
            "creation_timestamp": "2024-11-04T15:51:00.071-08:00",
            "current_status": "RUNNING",
            "deletion_protection": false,
            "description": "",
            "desired_status": null,
            "effective_labels": {
              "goog-terraform-provisioned": "true"
            },
            "enable_display": false,
            "guest_accelerator": [],
            "hostname": "",
            "id": "projects/terraform-gcp-440722/zones/us-central1-a/instances/terraform-gcp-instance",
            "instance_id": "6111155848711824142",
            "key_revocation_action_type": "",
            "label_fingerprint": "vezUS-42LLM=",
            "labels": null,
            "machine_type": "f1-micro",
            "metadata": {
              "ssh-keys": "service-account-terraform:ssh-rsa AAAAB3NzaC1yc2EAAAADAQABAAACAQDDTNLYWqzu7evrcKvcaXNKIeJR5jekvp8uTUj4+LGhxGm4lRkRUbDYA1vtIy+wnKphX8UoJ9D4Dj47IbBqf5rHbEt0fuPY2Xu/HMGSdehgsldlQErBo8stOLHYu6W33WqC/EwuJhAQDHrPHCUmVotOjJj9afmWZis6YtiGyuD95TxwfsaBF/31YjgaC/2SPtLrD+n/xe27sXTEiN7wzMIPKp8BEaHVuQljlGPmgJL4oLTjhK8Rfrx01mbcz/Vz8idEp5ty0PXC6RSJRkgq8kY6+t73qbGdm85gpfPpqplrMKFYK+Oc1ix1KY5q/1PrK+dnEP6Sit9rGcVcPVxKyDJqL1olDZQwcHkdX1UueTu1I6kvUmpReqvpfYJYxcn2zpT+pBBU83UIMr/MhxUaKOLUkCPGz1DCkbYugBsSZa76vphqGvOiqvFFsYKTUt3Ksi2H3DMB0DCHlAWI8ADKY8P0LIrT6Da9uoZBDyOpU3Hk7tdFKV2C/s+wvYs/2+9SZFa8W4vkozu0AmqyKSJclRj8pYUoMXElqCVNxq58LbUth7EG4jEen8yrApDhl8DFDFwIpjHG4gjj67zPtZzgbGm87lu9g+kS0Iy4OXhS9WgY8GM5qVmdp43l9AFlg4xDKcEvywrBiUp4vJoZW1VaLajqexC9cqtMybjtsvH3wb2FnQ== mateorendon008@gmail.com"
            },
            "metadata_fingerprint": "R39rnY2hqVg=",
            "metadata_startup_script": null,
            "min_cpu_platform": "",
            "name": "terraform-gcp-instance",
            "network_interface": [
              {
                "access_config": [
                  {
                    "nat_ip": "34.56.138.69",
                    "network_tier": "PREMIUM",
                    "public_ptr_domain_name": ""
                  }
                ],
                "alias_ip_range": [],
                "internal_ipv6_prefix_length": 0,
                "ipv6_access_config": [],
                "ipv6_access_type": "",
                "ipv6_address": "",
                "name": "nic0",
                "network": "https://www.googleapis.com/compute/v1/projects/terraform-gcp-440722/global/networks/default",
                "network_ip": "10.128.0.2",
                "nic_type": "",
                "queue_count": 0,
                "stack_type": "IPV4_ONLY",
                "subnetwork": "https://www.googleapis.com/compute/v1/projects/terraform-gcp-440722/regions/us-central1/subnetworks/default",
                "subnetwork_project": "terraform-gcp-440722"
              }
            ],
            "network_performance_config": [],
            "params": [],
            "project": "terraform-gcp-440722",
            "reservation_affinity": [],
            "resource_policies": null,
            "scheduling": [
              {
                "automatic_restart": true,
                "instance_termination_action": "",
                "local_ssd_recovery_timeout": [],
                "max_run_duration": [],
                "min_node_cpus": 0,
                "node_affinities": [],
                "on_host_maintenance": "MIGRATE",
                "on_instance_stop_action": [],
                "preemptible": false,
                "provisioning_model": "STANDARD"
              }
            ],
            "scratch_disk": [],
            "self_link": "https://www.googleapis.com/compute/v1/projects/terraform-gcp-440722/zones/us-central1-a/instances/terraform-gcp-instance",
            "service_account": [],
            "shielded_instance_config": [
              {
                "enable_integrity_monitoring": true,
                "enable_secure_boot": false,
                "enable_vtpm": true
              }
            ],
            "tags": null,
            "tags_fingerprint": "42WmSpB8rSM=",
            "terraform_labels": {
              "goog-terraform-provisioned": "true"
            },
            "timeouts": null,
            "zone": "us-central1-a"
          },
          "sensitive_attributes": [
            [
              {
                "type": "get_attr",
                "value": "boot_disk"
              },
              {
                "type": "index",
                "value": {
                  "value": 0,
                  "type": "number"
                }
              },
              {
                "type": "get_attr",
                "value": "disk_encryption_key_raw"
              }
            ]
          ],
          "private": "eyJlMmJmYjczMC1lY2FhLTExZTYtOGY4OC0zNDM2M2JjN2M0YzAiOnsiY3JlYXRlIjoxMjAwMDAwMDAwMDAwLCJkZWxldGUiOjEyMDAwMDAwMDAwMDAsInVwZGF0ZSI6MTIwMDAwMDAwMDAwMH0sInNjaGVtYV92ZXJzaW9uIjoiNiJ9"
        }
      ]
    }
  ],
  "check_results": null
}
